
Microsoft Visual Studio Solution File, Format Version 12.00
# Visual Studio Version 17
VisualStudioVersion = 17.11.35327.3
MinimumVisualStudioVersion = 10.0.40219.1
Project("{FAE04EC0-301F-11D3-BF4B-00C04F79EFBC}") = "QuizB", "QuizB\QuizB.csproj", "{C0B97CB7-461D-4F3D-9184-55367DE15707}"
EndProject
Global
	GlobalSection(SolutionConfigurationPlatforms) = preSolution
		Debug|Any CPU = Debug|Any CPU
		Release|Any CPU = Release|Any CPU
	EndGlobalSection
	GlobalSection(ProjectConfigurationPlatforms) = postSolution
		{C0B97CB7-461D-4F3D-9184-55367DE15707}.Debug|Any CPU.ActiveCfg = Debug|Any CPU
		{C0B97CB7-461D-4F3D-9184-55367DE15707}.Debug|Any CPU.Build.0 = Debug|Any CPU
		{C0B97CB7-461D-4F3D-9184-55367DE15707}.Release|Any CPU.ActiveCfg = Release|Any CPU
		{C0B97CB7-461D-4F3D-9184-55367DE15707}.Release|Any CPU.Build.0 = Release|Any CPU
	EndGlobalSection
	GlobalSection(SolutionProperties) = preSolution
		HideSolutionNode = FALSE
	EndGlobalSection
	GlobalSection(ExtensibilityGlobals) = postSolution
		SolutionGuid = {1A3A590B-1B5C-482A-B930-1D4ED15B9A25}
	EndGlobalSection
EndGlobal
