
Microsoft Visual Studio Solution File, Format Version 12.00
# Visual Studio Version 17
VisualStudioVersion = 17.11.35327.3
MinimumVisualStudioVersion = 10.0.40219.1
Project("{2150E333-8FDC-42A3-9474-1A3956D46DE8}") = "packages", "packages", "{20238E6D-76CB-48C8-927F-7ED9ADEBA386}"
EndProject
Project("{2150E333-8FDC-42A3-9474-1A3956D46DE8}") = "src", "src", "{F8832B71-F117-410D-A9B5-D9AD268B20D7}"
EndProject
Project("{2150E333-8FDC-42A3-9474-1A3956D46DE8}") = "src-pkg", "src-pkg", "{221CBBD1-88C1-487F-8E92-8F35055F8575}"
EndProject
Project("{2150E333-8FDC-42A3-9474-1A3956D46DE8}") = "tests", "tests", "{6E044D3F-6D1F-419E-B25D-54F4241C29CD}"
EndProject
Project("{2150E333-8FDC-42A3-9474-1A3956D46DE8}") = "01-Domain", "01-Domain", "{1719E457-325C-4936-9F8F-78824F6CF65F}"
EndProject
Project("{2150E333-8FDC-42A3-9474-1A3956D46DE8}") = "02-Infrastructures", "02-Infrastructures", "{C37E64CE-AC14-4627-87EF-7FDB5B389DC0}"
EndProject
Project("{2150E333-8FDC-42A3-9474-1A3956D46DE8}") = "03-EndPoints", "03-EndPoints", "{3D73D9C8-FD74-447C-BB0A-B96742E3CE77}"
EndProject
Project("{2150E333-8FDC-42A3-9474-1A3956D46DE8}") = "Core", "Core", "{351A665B-B1D7-45E2-AEF9-A79949126F5A}"
EndProject
Project("{2150E333-8FDC-42A3-9474-1A3956D46DE8}") = "Services", "Services", "{860F38F5-44A5-465A-A8A6-86DED96AE7F9}"
EndProject
Project("{2150E333-8FDC-42A3-9474-1A3956D46DE8}") = "DataAccess", "DataAccess", "{3B48ACA5-ADB4-41D4-89DF-8B9BDCEDB74D}"
EndProject
Project("{2150E333-8FDC-42A3-9474-1A3956D46DE8}") = "Db", "Db", "{351363FC-AABB-4E1E-9D49-73D2012A92BA}"
EndProject
Project("{2150E333-8FDC-42A3-9474-1A3956D46DE8}") = "Providers", "Providers", "{1E5CC88E-FF35-400C-9436-3BD11DE3BE7B}"
EndProject
Project("{9A19103F-16F7-4668-BE54-9A1E7A4F7556}") = "App.Domain.Core", "App.Domain.Core\App.Domain.Core.csproj", "{A04A32AB-FA44-42C9-8E22-956B9C4F42AD}"
EndProject
Project("{9A19103F-16F7-4668-BE54-9A1E7A4F7556}") = "App.Domain.AppServices", "App.Domain.AppServices\App.Domain.AppServices.csproj", "{1CD7CC47-5278-4A50-B8BE-38612FD88CC2}"
EndProject
Project("{9A19103F-16F7-4668-BE54-9A1E7A4F7556}") = "App.Domain.Services", "App.Domain.Services\App.Domain.Services.csproj", "{FCE38D39-A3C2-4CB1-9F24-A33D0A19FBE0}"
EndProject
Project("{9A19103F-16F7-4668-BE54-9A1E7A4F7556}") = "App.Infra.Data.Repos.Ef", "App.Infra.Data.Repos.Ef\App.Infra.Data.Repos.Ef.csproj", "{4AE206FB-6E78-4627-A450-1449EEA79E81}"
EndProject
Project("{9A19103F-16F7-4668-BE54-9A1E7A4F7556}") = "App.Infra.Data.Db.SqlServer.Ef", "App.Infra.Data.Db.SqlServer.Ef\App.Infra.Data.Db.SqlServer.Ef.csproj", "{92ED618B-01CE-4415-9C73-06D850A0BA90}"
EndProject
Project("{9A19103F-16F7-4668-BE54-9A1E7A4F7556}") = "App.EndPoints.Console.Bank", "App.EndPoints.Console.Bank\App.EndPoints.Console.Bank.csproj", "{3B78FA69-05F0-4BDD-9A1A-E4FDE5DB4E61}"
EndProject
Project("{FAE04EC0-301F-11D3-BF4B-00C04F79EFBC}") = "App.EndPoints.Mvc.Bank", "App.EndPoints.Mvc.Bank\App.EndPoints.Mvc.Bank.csproj", "{2D51CCB5-2D61-4411-8F7E-3D65074114E9}"
EndProject
Global
	GlobalSection(SolutionConfigurationPlatforms) = preSolution
		Debug|Any CPU = Debug|Any CPU
		Release|Any CPU = Release|Any CPU
	EndGlobalSection
	GlobalSection(ProjectConfigurationPlatforms) = postSolution
		{A04A32AB-FA44-42C9-8E22-956B9C4F42AD}.Debug|Any CPU.ActiveCfg = Debug|Any CPU
		{A04A32AB-FA44-42C9-8E22-956B9C4F42AD}.Debug|Any CPU.Build.0 = Debug|Any CPU
		{A04A32AB-FA44-42C9-8E22-956B9C4F42AD}.Release|Any CPU.ActiveCfg = Release|Any CPU
		{A04A32AB-FA44-42C9-8E22-956B9C4F42AD}.Release|Any CPU.Build.0 = Release|Any CPU
		{1CD7CC47-5278-4A50-B8BE-38612FD88CC2}.Debug|Any CPU.ActiveCfg = Debug|Any CPU
		{1CD7CC47-5278-4A50-B8BE-38612FD88CC2}.Debug|Any CPU.Build.0 = Debug|Any CPU
		{1CD7CC47-5278-4A50-B8BE-38612FD88CC2}.Release|Any CPU.ActiveCfg = Release|Any CPU
		{1CD7CC47-5278-4A50-B8BE-38612FD88CC2}.Release|Any CPU.Build.0 = Release|Any CPU
		{FCE38D39-A3C2-4CB1-9F24-A33D0A19FBE0}.Debug|Any CPU.ActiveCfg = Debug|Any CPU
		{FCE38D39-A3C2-4CB1-9F24-A33D0A19FBE0}.Debug|Any CPU.Build.0 = Debug|Any CPU
		{FCE38D39-A3C2-4CB1-9F24-A33D0A19FBE0}.Release|Any CPU.ActiveCfg = Release|Any CPU
		{FCE38D39-A3C2-4CB1-9F24-A33D0A19FBE0}.Release|Any CPU.Build.0 = Release|Any CPU
		{4AE206FB-6E78-4627-A450-1449EEA79E81}.Debug|Any CPU.ActiveCfg = Debug|Any CPU
		{4AE206FB-6E78-4627-A450-1449EEA79E81}.Debug|Any CPU.Build.0 = Debug|Any CPU
		{4AE206FB-6E78-4627-A450-1449EEA79E81}.Release|Any CPU.ActiveCfg = Release|Any CPU
		{4AE206FB-6E78-4627-A450-1449EEA79E81}.Release|Any CPU.Build.0 = Release|Any CPU
		{92ED618B-01CE-4415-9C73-06D850A0BA90}.Debug|Any CPU.ActiveCfg = Debug|Any CPU
		{92ED618B-01CE-4415-9C73-06D850A0BA90}.Debug|Any CPU.Build.0 = Debug|Any CPU
		{92ED618B-01CE-4415-9C73-06D850A0BA90}.Release|Any CPU.ActiveCfg = Release|Any CPU
		{92ED618B-01CE-4415-9C73-06D850A0BA90}.Release|Any CPU.Build.0 = Release|Any CPU
		{3B78FA69-05F0-4BDD-9A1A-E4FDE5DB4E61}.Debug|Any CPU.ActiveCfg = Debug|Any CPU
		{3B78FA69-05F0-4BDD-9A1A-E4FDE5DB4E61}.Debug|Any CPU.Build.0 = Debug|Any CPU
		{3B78FA69-05F0-4BDD-9A1A-E4FDE5DB4E61}.Release|Any CPU.ActiveCfg = Release|Any CPU
		{3B78FA69-05F0-4BDD-9A1A-E4FDE5DB4E61}.Release|Any CPU.Build.0 = Release|Any CPU
		{2D51CCB5-2D61-4411-8F7E-3D65074114E9}.Debug|Any CPU.ActiveCfg = Debug|Any CPU
		{2D51CCB5-2D61-4411-8F7E-3D65074114E9}.Debug|Any CPU.Build.0 = Debug|Any CPU
		{2D51CCB5-2D61-4411-8F7E-3D65074114E9}.Release|Any CPU.ActiveCfg = Release|Any CPU
		{2D51CCB5-2D61-4411-8F7E-3D65074114E9}.Release|Any CPU.Build.0 = Release|Any CPU
	EndGlobalSection
	GlobalSection(SolutionProperties) = preSolution
		HideSolutionNode = FALSE
	EndGlobalSection
	GlobalSection(NestedProjects) = preSolution
		{1719E457-325C-4936-9F8F-78824F6CF65F} = {F8832B71-F117-410D-A9B5-D9AD268B20D7}
		{C37E64CE-AC14-4627-87EF-7FDB5B389DC0} = {F8832B71-F117-410D-A9B5-D9AD268B20D7}
		{3D73D9C8-FD74-447C-BB0A-B96742E3CE77} = {F8832B71-F117-410D-A9B5-D9AD268B20D7}
		{351A665B-B1D7-45E2-AEF9-A79949126F5A} = {1719E457-325C-4936-9F8F-78824F6CF65F}
		{860F38F5-44A5-465A-A8A6-86DED96AE7F9} = {1719E457-325C-4936-9F8F-78824F6CF65F}
		{3B48ACA5-ADB4-41D4-89DF-8B9BDCEDB74D} = {C37E64CE-AC14-4627-87EF-7FDB5B389DC0}
		{351363FC-AABB-4E1E-9D49-73D2012A92BA} = {C37E64CE-AC14-4627-87EF-7FDB5B389DC0}
		{1E5CC88E-FF35-400C-9436-3BD11DE3BE7B} = {C37E64CE-AC14-4627-87EF-7FDB5B389DC0}
		{A04A32AB-FA44-42C9-8E22-956B9C4F42AD} = {351A665B-B1D7-45E2-AEF9-A79949126F5A}
		{1CD7CC47-5278-4A50-B8BE-38612FD88CC2} = {860F38F5-44A5-465A-A8A6-86DED96AE7F9}
		{FCE38D39-A3C2-4CB1-9F24-A33D0A19FBE0} = {860F38F5-44A5-465A-A8A6-86DED96AE7F9}
		{4AE206FB-6E78-4627-A450-1449EEA79E81} = {3B48ACA5-ADB4-41D4-89DF-8B9BDCEDB74D}
		{92ED618B-01CE-4415-9C73-06D850A0BA90} = {351363FC-AABB-4E1E-9D49-73D2012A92BA}
		{3B78FA69-05F0-4BDD-9A1A-E4FDE5DB4E61} = {3D73D9C8-FD74-447C-BB0A-B96742E3CE77}
		{2D51CCB5-2D61-4411-8F7E-3D65074114E9} = {3D73D9C8-FD74-447C-BB0A-B96742E3CE77}
	EndGlobalSection
	GlobalSection(ExtensibilityGlobals) = postSolution
		SolutionGuid = {1A3A590B-1B5C-482A-B930-1D4ED15B9A25}
	EndGlobalSection
EndGlobal
